lockfileVersion: '9.0'

settings:
  autoInstallPeers: true
  excludeLinksFromLockfile: false

importers:

  .:
    dependencies:
      module-alias:
        specifier: ^2.2.3
        version: 2.2.3
    devDependencies:
      '@types/module-alias':
        specifier: ^2.0.4
        version: 2.0.4
      '@types/node':
        specifier: ^22.1.0
        version: 22.1.0
      nodejs:
        specifier: ^0.0.0
        version: 0.0.0
      typescript:
        specifier: ^5.5.4
        version: 5.5.4

packages:

  '@types/module-alias@2.0.4':
    resolution: {integrity: sha512-5+G/QXO/DvHZw60FjvbDzO4JmlD/nG5m2/vVGt25VN1eeP3w2bCoks1Wa7VuptMPM1TxJdx6RjO70N9Fw0nZPA==}

  '@types/node@22.1.0':
    resolution: {integrity: sha512-AOmuRF0R2/5j1knA3c6G3HOk523Ga+l+ZXltX8SF1+5oqcXijjfTd8fY3XRZqSihEu9XhtQnKYLmkFaoxgsJHw==}

  module-alias@2.2.3:
    resolution: {integrity: sha512-23g5BFj4zdQL/b6tor7Ji+QY4pEfNH784BMslY9Qb0UnJWRAt+lQGLYmRaM0KDBwIG23ffEBELhZDP2rhi9f/Q==}

  nodejs@0.0.0:
    resolution: {integrity: sha512-1V+0HwaB/dhxzidEFc4uJ3k52gLI4B6YBZgJIofjwYCSAkD6CI0me6TDBT2QM2nbGWNxCHcq9/wVynzQYZOhUg==}

  typescript@5.5.4:
    resolution: {integrity: sha512-Mtq29sKDAEYP7aljRgtPOpTvOfbwRWlS6dPRzwjdE+C0R4brX/GUyhHSecbHMFLNBLcJIPt9nl9yG5TZ1weH+Q==}
    engines: {node: '>=14.17'}
    hasBin: true

  undici-types@6.13.0:
    resolution: {integrity: sha512-xtFJHudx8S2DSoujjMd1WeWvn7KKWFRESZTMeL1RptAYERu29D6jphMjjY+vn96jvN3kVPDNxU/E13VTaXj6jg==}

snapshots:

  '@types/module-alias@2.0.4': {}

  '@types/node@22.1.0':
    dependencies:
      undici-types: 6.13.0

  module-alias@2.2.3: {}

  nodejs@0.0.0: {}

  typescript@5.5.4: {}

  undici-types@6.13.0: {}
